
Microsoft Visual Studio Solution File, Format Version 12.00
# Visual Studio Version 17
VisualStudioVersion = 17.8.34408.163
MinimumVisualStudioVersion = 10.0.40219.1
Project("{FAE04EC0-301F-11D3-BF4B-00C04F79EFBC}") = "TicTacToe", "TicTacToe.csproj", "{3F7F641B-C207-465B-9EAC-AE5D8D254E39}"
EndProject
Global
	GlobalSection(SolutionConfigurationPlatforms) = preSolution
		Debug|Any CPU = Debug|Any CPU
		Release|Any CPU = Release|Any CPU
	EndGlobalSection
	GlobalSection(ProjectConfigurationPlatforms) = postSolution
		{3F7F641B-C207-465B-9EAC-AE5D8D254E39}.Debug|Any CPU.ActiveCfg = Debug|Any CPU
		{3F7F641B-C207-465B-9EAC-AE5D8D254E39}.Debug|Any CPU.Build.0 = Debug|Any CPU
		{3F7F641B-C207-465B-9EAC-AE5D8D254E39}.Release|Any CPU.ActiveCfg = Release|Any CPU
		{3F7F641B-C207-465B-9EAC-AE5D8D254E39}.Release|Any CPU.Build.0 = Release|Any CPU
	EndGlobalSection
	GlobalSection(SolutionProperties) = preSolution
		HideSolutionNode = FALSE
	EndGlobalSection
	GlobalSection(ExtensibilityGlobals) = postSolution
		SolutionGuid = {CAFC1DB8-2DC7-4F9F-B070-B986F1B5D6AB}
	EndGlobalSection
EndGlobal
